<?xml version="1.0" encoding="utf-8"?>
<Project ToolsVersion="4.0" xmlns="http://schemas.microsoft.com/developer/msbuild/2003">
  <ItemGroup>
    <ClCompile Include="lightDemo.cpp" />
    <ClCompile Include="Collider.cpp">
      <Filter>Utils</Filter>
    </ClCompile>
    <ClCompile Include="avtFreeType.cpp">
      <Filter>LibsClass\Source</Filter>
    </ClCompile>
    <ClCompile Include="AVTmathLib.cpp">
      <Filter>LibsClass\Source</Filter>
    </ClCompile>
    <ClCompile Include="basic_geometry.cpp">
      <Filter>LibsClass\Source</Filter>
    </ClCompile>
    <ClCompile Include="Texture_Loader.cpp">
      <Filter>LibsClass\Source</Filter>
    </ClCompile>
    <ClCompile Include="vsShaderLib.cpp">
      <Filter>LibsClass\Source</Filter>
    </ClCompile>
    <ClCompile Include="Camera.cpp">
      <Filter>GameObjects\Source</Filter>
    </ClCompile>
    <ClCompile Include="CubeObj.cpp">
      <Filter>GameObjects\Source</Filter>
    </ClCompile>
    <ClCompile Include="FixedTopDownCamera.cpp">
      <Filter>GameObjects\Source</Filter>
    </ClCompile>
    <ClCompile Include="FollowCamera.cpp">
      <Filter>GameObjects\Source</Filter>
    </ClCompile>
    <ClCompile Include="GameObject.cpp">
      <Filter>GameObjects\Source</Filter>
    </ClCompile>
    <ClCompile Include="Orange.cpp">
      <Filter>GameObjects\Source</Filter>
    </ClCompile>
    <ClCompile Include="PlayerCar.cpp">
      <Filter>GameObjects\Source</Filter>
    </ClCompile>
    <ClCompile Include="Wheel.cpp">
      <Filter>GameObjects\Source</Filter>
    </ClCompile>
    <ClCompile Include="Scene.h">
      <Filter>Scenes</Filter>
    </ClCompile>
    <ClCompile Include="PhysicsEngine.cpp">
      <Filter>PhysicsEngine\Source</Filter>
    </ClCompile>
    <ClCompile Include="RigidBody.cpp">
      <Filter>Utils</Filter>
    </ClCompile>
    <ClCompile Include="CarScene.cpp">
      <Filter>Scenes</Filter>
    </ClCompile>
  </ItemGroup>
  <ItemGroup>
    <ClInclude Include="Collider.h">
      <Filter>Utils</Filter>
    </ClInclude>
    <ClInclude Include="Component.h">
      <Filter>Utils</Filter>
    </ClInclude>
    <ClInclude Include="cube.h">
      <Filter>Utils</Filter>
    </ClInclude>
    <ClInclude Include="geometry.h">
      <Filter>Utils</Filter>
    </ClInclude>
    <ClInclude Include="Light.h">
      <Filter>Utils</Filter>
    </ClInclude>
    <ClInclude Include="RigidBody.h">
      <Filter>Utils</Filter>
    </ClInclude>
    <ClInclude Include="Transform.h">
      <Filter>Utils</Filter>
    </ClInclude>
    <ClInclude Include="VertexAttrDef.h">
      <Filter>Utils</Filter>
    </ClInclude>
    <ClInclude Include="avtFreeType.h">
      <Filter>LibsClass\Headers</Filter>
    </ClInclude>
    <ClInclude Include="AVTmathLib.h">
      <Filter>LibsClass\Headers</Filter>
    </ClInclude>
    <ClInclude Include="ft2build.h">
      <Filter>LibsClass\Headers</Filter>
    </ClInclude>
    <ClInclude Include="Texture_Loader.h">
      <Filter>LibsClass\Headers</Filter>
    </ClInclude>
    <ClInclude Include="vsShaderLib.h">
      <Filter>LibsClass\Headers</Filter>
    </ClInclude>
    <ClInclude Include="Camera.h">
      <Filter>GameObjects\Headers</Filter>
    </ClInclude>
    <ClInclude Include="CubeObj.h">
      <Filter>GameObjects\Headers</Filter>
    </ClInclude>
    <ClInclude Include="FollowCamera.h">
      <Filter>GameObjects\Headers</Filter>
    </ClInclude>
    <ClInclude Include="GameObject.h">
      <Filter>GameObjects\Headers</Filter>
    </ClInclude>
    <ClInclude Include="GameObjectLib.h">
      <Filter>GameObjects\Headers</Filter>
    </ClInclude>
    <ClInclude Include="FixedTopDownCamera.h">
      <Filter>GameObjects\Headers</Filter>
    </ClInclude>
    <ClInclude Include="LightSource.h">
      <Filter>GameObjects\Headers</Filter>
    </ClInclude>
    <ClInclude Include="Orange.h">
      <Filter>GameObjects\Headers</Filter>
    </ClInclude>
    <ClInclude Include="PlayerCar.h">
      <Filter>GameObjects\Headers</Filter>
    </ClInclude>
    <ClInclude Include="Wheel.h">
      <Filter>GameObjects\Headers</Filter>
    </ClInclude>
    <ClInclude Include="Headlight.h">
      <Filter>GameObjects\Headers</Filter>
    </ClInclude>
    <ClInclude Include="CarScene.h">
      <Filter>Scenes</Filter>
    </ClInclude>
    <ClInclude Include="PhysicsEngine.h">
      <Filter>PhysicsEngine\Headers</Filter>
    </ClInclude>
    <ClInclude Include="ComponentLib.h">
      <Filter>Utils</Filter>
    </ClInclude>
  </ItemGroup>
  <ItemGroup>
    <None Include="Dependencies.exe" />
    <None Include="shaders\gouraud.frag">
      <Filter>Shaders</Filter>
    </None>
    <None Include="shaders\gouraud.vert">
      <Filter>Shaders</Filter>
    </None>
    <None Include="shaders\pointlight.frag">
      <Filter>Shaders</Filter>
    </None>
    <None Include="shaders\pointlight.vert">
      <Filter>Shaders</Filter>
    </None>
    <None Include="shaders\text.frag">
      <Filter>Shaders</Filter>
    </None>
    <None Include="shaders\text.vert">
      <Filter>Shaders</Filter>
    </None>
  </ItemGroup>
  <ItemGroup>
    <Filter Include="LibsClass">
      <UniqueIdentifier>{372c13a6-d979-4a0d-83cc-a6f95e2df989}</UniqueIdentifier>
    </Filter>
    <Filter Include="GameObjects">
      <UniqueIdentifier>{da764b54-33f5-4fb4-9231-5ce903b7f5e5}</UniqueIdentifier>
    </Filter>
    <Filter Include="Utils">
      <UniqueIdentifier>{ca18a5b4-afed-4876-aa8c-4f3dc4a5e2f7}</UniqueIdentifier>
    </Filter>
    <Filter Include="Shaders">
      <UniqueIdentifier>{0a8b2fc4-6eb0-41ba-84f2-2d69f802c3ce}</UniqueIdentifier>
    </Filter>
    <Filter Include="LibsClass\Headers">
      <UniqueIdentifier>{fe4defcc-b089-4203-bf58-215c3233d55b}</UniqueIdentifier>
    </Filter>
    <Filter Include="LibsClass\Source">
      <UniqueIdentifier>{11fd86d4-aedb-4ae5-b6b7-5cade9614ee5}</UniqueIdentifier>
    </Filter>
    <Filter Include="GameObjects\Headers">
      <UniqueIdentifier>{3c0731f0-a7a8-4781-b355-dfcde017275b}</UniqueIdentifier>
    </Filter>
    <Filter Include="GameObjects\Source">
      <UniqueIdentifier>{54a422ef-2f17-470d-a8aa-096894871fe3}</UniqueIdentifier>
    </Filter>
    <Filter Include="Scenes">
      <UniqueIdentifier>{42a6dd43-f164-4c60-91c8-efa3f45c03f8}</UniqueIdentifier>
    </Filter>
    <Filter Include="PhysicsEngine">
      <UniqueIdentifier>{8490bb98-8f26-40d6-8fa4-ae2801ccbca6}</UniqueIdentifier>
    </Filter>
    <Filter Include="PhysicsEngine\Headers">
      <UniqueIdentifier>{746ab480-1711-4b56-8372-f610147c37be}</UniqueIdentifier>
    </Filter>
    <Filter Include="PhysicsEngine\Source">
      <UniqueIdentifier>{b9ccee62-6cce-468b-8ee2-4232603deccc}</UniqueIdentifier>
    </Filter>
    <Filter Include="Textures">
      <UniqueIdentifier>{1196c5e1-5836-4311-a18a-cbeb42acce1f}</UniqueIdentifier>
    </Filter>
  </ItemGroup>
  <ItemGroup>
    <Image Include="..\..\..\..\Desktop\New folder\checker.png">
      <Filter>Textures</Filter>
    </Image>
    <Image Include="..\..\..\..\Desktop\New folder\lightwood.tga">
      <Filter>Textures</Filter>
    </Image>
    <Image Include="..\..\..\..\Desktop\New folder\stone.tga">
      <Filter>Textures</Filter>
    </Image>
  </ItemGroup>
</Project>